
Microsoft Visual Studio Solution File, Format Version 12.00
# Visual Studio Version 18
VisualStudioVersion = 18.4.11626.88 stable
MinimumVisualStudioVersion = 10.0.40219.1
Project("{FAE04EC0-301F-11D3-BF4B-00C04F79EFBC}") = "GRBL Lathe Sender", "GRBL Lathe Sender.csproj", "{1B40B375-0CCF-4CD5-A932-066AC073F368}"
EndProject
Global
	GlobalSection(SolutionConfigurationPlatforms) = preSolution
		Debug|Any CPU = Debug|Any CPU
		Debug|x64 = Debug|x64
		Release|Any CPU = Release|Any CPU
		Release|x64 = Release|x64
	EndGlobalSection
	GlobalSection(ProjectConfigurationPlatforms) = postSolution
		{1B40B375-0CCF-4CD5-A932-066AC073F368}.Debug|Any CPU.ActiveCfg = Debug|Any CPU
		{1B40B375-0CCF-4CD5-A932-066AC073F368}.Debug|Any CPU.Build.0 = Debug|Any CPU
		{1B40B375-0CCF-4CD5-A932-066AC073F368}.Debug|x64.ActiveCfg = Debug|x64
		{1B40B375-0CCF-4CD5-A932-066AC073F368}.Debug|x64.Build.0 = Debug|x64
		{1B40B375-0CCF-4CD5-A932-066AC073F368}.Release|Any CPU.ActiveCfg = Release|Any CPU
		{1B40B375-0CCF-4CD5-A932-066AC073F368}.Release|Any CPU.Build.0 = Release|Any CPU
		{1B40B375-0CCF-4CD5-A932-066AC073F368}.Release|x64.ActiveCfg = Release|x64
		{1B40B375-0CCF-4CD5-A932-066AC073F368}.Release|x64.Build.0 = Release|x64
	EndGlobalSection
	GlobalSection(SolutionProperties) = preSolution
		HideSolutionNode = FALSE
	EndGlobalSection
	GlobalSection(ExtensibilityGlobals) = postSolution
		SolutionGuid = {EF0C5403-ABCC-40B1-AF07-5D33F76A1685}
	EndGlobalSection
EndGlobal
